// !$*UTF8*$!
{
	archiveVersion = 1;
	classes = {
	};
	objectVersion = 46;
	objects = {

/* Begin PBXBuildFile section */
		A6C588CC19EDCCEB00B91A4D /* main.m in Sources */ = {isa = PBXBuildFile; fileRef = A6C588CB19EDCCEB00B91A4D /* main.m */; };
/* End PBXBuildFile section */

/* Begin PBXCopyFilesBuildPhase section */
		A6C588C619EDCCEB00B91A4D /* CopyFiles */ = {
			isa = PBXCopyFilesBuildPhase;
			buildActionMask = 2147483647;
			dstPath = /usr/share/man/man1/;
			dstSubfolderSpec = 0;
			files = (
			);
			runOnlyForDeploymentPostprocessing = 1;
		};
/* End PBXCopyFilesBuildPhase section */

/* Begin PBXFileReference section */
		A6C588C819EDCCEB00B91A4D /* dir2src */ = {isa = PBXFileReference; explicitFileType = "compiled.mach-o.executable"; includeInIndex = 0; path = dir2src; sourceTree = BUILT_PRODUCTS_DIR; };
		A6C588CB19EDCCEB00B91A4D /* main.m */ = {isa = PBXFileReference; lastKnownFileType = sourcecode.c.objc; path = main.m; sourceTree = "<group>"; };
/* End PBXFileReference section */

/* Begin PBXFrameworksBuildPhase section */
		A6C588C519EDCCEB00B91A4D /* Frameworks */ = {
			isa = PBXFrameworksBuildPhase;
			buildActionMask = 2147483647;
			files = (
			);
			runOnlyForDeploymentPostprocessing = 0;
		};
/* End PBXFrameworksBuildPhase section */

/* Begin PBXGroup section */
		A6C588BF19EDCCEB00B91A4D = {
			isa = PBXGroup;
			children = (
				A6C588CA19EDCCEB00B91A4D /* Classes */,
				A6C588C919EDCCEB00B91A4D /* Products */,
			);
			sourceTree = "<group>";
		};
		A6C588C919EDCCEB00B91A4D /* Products */ = {
			isa = PBXGroup;
			children = (
				A6C588C819EDCCEB00B91A4D /* dir2src */,
			);
			name = Products;
			sourceTree = "<group>";
		};
		A6C588CA19EDCCEB00B91A4D /* Classes */ = {
			isa = PBXGroup;
			children = (
				A6C588CB19EDCCEB00B91A4D /* main.m */,
			);
			path = Classes;
			sourceTree = "<group>";
		};
/* End PBXGroup section */

/* Begin PBXNativeTarget section */
		A6C588C719EDCCEB00B91A4D /* dir2src */ = {
			isa = PBXNativeTarget;
			buildConfigurationList = A6C588CF19EDCCEB00B91A4D /* Build configuration list for PBXNativeTarget "dir2src" */;
			buildPhases = (
				A6C588C419EDCCEB00B91A4D /* Sources */,
				A6C588C519EDCCEB00B91A4D /* Frameworks */,
				A6C588C619EDCCEB00B91A4D /* CopyFiles */,
			);
			buildRules = (
			);
			dependencies = (
			);
			name = dir2src;
			productName = dir2src;
			productReference = A6C588C819EDCCEB00B91A4D /* dir2src */;
			productType = "com.apple.product-type.tool";
		};
/* End PBXNativeTarget section */

/* Begin PBXProject section */
		A6C588C019EDCCEB00B91A4D /* Project object */ = {
			isa = PBXProject;
			attributes = {
				LastUpgradeCheck = 0610;
				ORGANIZATIONNAME = "SMSRelay AG";
				TargetAttributes = {
					A6C588C719EDCCEB00B91A4D = {
						CreatedOnToolsVersion = 6.1;
					};
				};
			};
			buildConfigurationList = A6C588C319EDCCEB00B91A4D /* Build configuration list for PBXProject "dir2src" */;
			compatibilityVersion = "Xcode 3.2";
			developmentRegion = English;
			hasScannedForEncodings = 0;
			knownRegions = (
				en,
			);
			mainGroup = A6C588BF19EDCCEB00B91A4D;
			productRefGroup = A6C588C919EDCCEB00B91A4D /* Products */;
			projectDirPath = "";
			projectRoot = "";
			targets = (
				A6C588C719EDCCEB00B91A4D /* dir2src */,
			);
		};
/* End PBXProject section */

/* Begin PBXSourcesBuildPhase section */
		A6C588C419EDCCEB00B91A4D /* Sources */ = {
			isa = PBXSourcesBuildPhase;
			buildActionMask = 2147483647;
			files = (
				A6C588CC19EDCCEB00B91A4D /* main.m in Sources */,
			);
			runOnlyForDeploymentPostprocessing = 0;
		};
/* End PBXSourcesBuildPhase section */

/* Begin XCBuildConfiguration section */
		A6C588CD19EDCCEB00B91A4D /* Debug */ = {
			isa = XCBuildConfiguration;
			buildSettings = {
				ALWAYS_SEARCH_USER_PATHS = NO;
				CLANG_CXX_LANGUAGE_STANDARD = "gnu++0x";
				CLANG_CXX_LIBRARY = "libc++";
				CLANG_ENABLE_MODULES = YES;
				CLANG_ENABLE_OBJC_ARC = YES;
				CLANG_WARN_BOOL_CONVERSION = YES;
				CLANG_WARN_CONSTANT_CONVERSION = YES;
				CLANG_WARN_DIRECT_OBJC_ISA_USAGE = YES_ERROR;
				CLANG_WARN_EMPTY_BODY = YES;
				CLANG_WARN_ENUM_CONVERSION = YES;
				CLANG_WARN_INT_CONVERSION = YES;
				CLANG_WARN_OBJC_ROOT_CLASS = YES_ERROR;
				CLANG_WARN_UNREACHABLE_CODE = YES;
				CLANG_WARN__DUPLICATE_METHOD_MATCH = YES;
				COPY_PHASE_STRIP = NO;
				ENABLE_STRICT_OBJC_MSGSEND = YES;
				GCC_C_LANGUAGE_STANDARD = gnu99;
				GCC_DYNAMIC_NO_PIC = NO;
				GCC_OPTIMIZATION_LEVEL = 0;
				GCC_PREPROCESSOR_DEFINITIONS = (
					"DEBUG=1",
					"$(inherited)",
				);
				GCC_SYMBOLS_PRIVATE_EXTERN = NO;
				GCC_WARN_64_TO_32_BIT_CONVERSION = YES;
				GCC_WARN_ABOUT_RETURN_TYPE = YES_ERROR;
				GCC_WARN_UNDECLARED_SELECTOR = YES;
				GCC_WARN_UNINITIALIZED_AUTOS = YES_AGGRESSIVE;
				GCC_WARN_UNUSED_FUNCTION = YES;
				GCC_WARN_UNUSED_VARIABLE = YES;
				MACOSX_DEPLOYMENT_TARGET = 10.10;
				MTL_ENABLE_DEBUG_INFO = YES;
				ONLY_ACTIVE_ARCH = YES;
				SDKROOT = macosx;
			};
			name = Debug;
		};
		A6C588CE19EDCCEB00B91A4D /* Release */ = {
			isa = XCBuildConfiguration;
			buildSettings = {
				ALWAYS_SEARCH_USER_PATHS = NO;
				CLANG_CXX_LANGUAGE_STANDARD = "gnu++0x";
				CLANG_CXX_LIBRARY = "libc++";
				CLANG_ENABLE_MODULES = YES;
				CLANG_ENABLE_OBJC_ARC = YES;
				CLANG_WARN_BOOL_CONVERSION = YES;
				CLANG_WARN_CONSTANT_CONVERSION = YES;
				CLANG_WARN_DIRECT_OBJC_ISA_USAGE = YES_ERROR;
				CLANG_WARN_EMPTY_BODY = YES;
				CLANG_WARN_ENUM_CONVERSION = YES;
				CLANG_WARN_INT_CONVERSION = YES;
				CLANG_WARN_OBJC_ROOT_CLASS = YES_ERROR;
				CLANG_WARN_UNREACHABLE_CODE = YES;
				CLANG_WARN__DUPLICATE_METHOD_MATCH = YES;
				COPY_PHASE_STRIP = YES;
				DEBUG_INFORMATION_FORMAT = "dwarf-with-dsym";
				ENABLE_NS_ASSERTIONS = NO;
				ENABLE_STRICT_OBJC_MSGSEND = YES;
				GCC_C_LANGUAGE_STANDARD = gnu99;
				GCC_WARN_64_TO_32_BIT_CONVERSION = YES;
				GCC_WARN_ABOUT_RETURN_TYPE = YES_ERROR;
				GCC_WARN_UNDECLARED_SELECTOR = YES;
				GCC_WARN_UNINITIALIZED_AUTOS = YES_AGGRESSIVE;
				GCC_WARN_UNUSED_FUNCTION = YES;
				GCC_WARN_UNUSED_VARIABLE = YES;
				MACOSX_DEPLOYMENT_TARGET = 10.10;
				MTL_ENABLE_DEBUG_INFO = NO;
				SDKROOT = macosx;
			};
			name = Release;
		};
		A6C588D019EDCCEB00B91A4D /* Debug */ = {
			isa = XCBuildConfiguration;
			buildSettings = {
				PRODUCT_NAME = "$(TARGET_NAME)";
			};
			name = Debug;
		};
		A6C588D119EDCCEB00B91A4D /* Release */ = {
			isa = XCBuildConfiguration;
			buildSettings = {
				PRODUCT_NAME = "$(TARGET_NAME)";
			};
			name = Release;
		};
/* End XCBuildConfiguration section */

/* Begin XCConfigurationList section */
		A6C588C319EDCCEB00B91A4D /* Build configuration list for PBXProject "dir2src" */ = {
			isa = XCConfigurationList;
			buildConfigurations = (
				A6C588CD19EDCCEB00B91A4D /* Debug */,
				A6C588CE19EDCCEB00B91A4D /* Release */,
			);
			defaultConfigurationIsVisible = 0;
			defaultConfigurationName = Release;
		};
		A6C588CF19EDCCEB00B91A4D /* Build configuration list for PBXNativeTarget "dir2src" */ = {
			isa = XCConfigurationList;
			buildConfigurations = (
				A6C588D019EDCCEB00B91A4D /* Debug */,
				A6C588D119EDCCEB00B91A4D /* Release */,
			);
			defaultConfigurationIsVisible = 0;
			defaultConfigurationName = Release;
		};
/* End XCConfigurationList section */
	};
	rootObject = A6C588C019EDCCEB00B91A4D /* Project object */;
}
